
Microsoft Visual Studio Solution File, Format Version 12.00
# Visual Studio 15
VisualStudioVersion = 15.0.28107.0
MinimumVisualStudioVersion = 10.0.40219.1
Project("{E24C65DC-7377-472B-9ABA-BC803B73C61A}") = "DepthBuffer", "DepthBuffer\", "{6E8C9731-4291-4AEA-A0B1-25FF28565528}"
	ProjectSection(WebsiteProperties) = preProject
		TargetFrameworkMoniker = ".NETFramework,Version%3Dv4.6.1"
		Debug.AspNetCompiler.VirtualPath = "/localhost_58921"
		Debug.AspNetCompiler.PhysicalPath = "DepthBuffer\"
		Debug.AspNetCompiler.TargetPath = "PrecompiledWeb\localhost_58921\"
		Debug.AspNetCompiler.Updateable = "true"
		Debug.AspNetCompiler.ForceOverwrite = "true"
		Debug.AspNetCompiler.FixedNames = "false"
		Debug.AspNetCompiler.Debug = "True"
		Release.AspNetCompiler.VirtualPath = "/localhost_58921"
		Release.AspNetCompiler.PhysicalPath = "DepthBuffer\"
		Release.AspNetCompiler.TargetPath = "PrecompiledWeb\localhost_58921\"
		Release.AspNetCompiler.Updateable = "true"
		Release.AspNetCompiler.ForceOverwrite = "true"
		Release.AspNetCompiler.FixedNames = "false"
		Release.AspNetCompiler.Debug = "False"
		VWDPort = "58921"
		SlnRelativePath = "DepthBuffer\"
		DefaultWebSiteLanguage = "Visual C#"
	EndProjectSection
EndProject
Global
	GlobalSection(SolutionConfigurationPlatforms) = preSolution
		Debug|Any CPU = Debug|Any CPU
	EndGlobalSection
	GlobalSection(ProjectConfigurationPlatforms) = postSolution
		{6E8C9731-4291-4AEA-A0B1-25FF28565528}.Debug|Any CPU.ActiveCfg = Debug|Any CPU
		{6E8C9731-4291-4AEA-A0B1-25FF28565528}.Debug|Any CPU.Build.0 = Debug|Any CPU
	EndGlobalSection
	GlobalSection(SolutionProperties) = preSolution
		HideSolutionNode = FALSE
	EndGlobalSection
	GlobalSection(ExtensibilityGlobals) = postSolution
		SolutionGuid = {A4F0BE56-5556-49E1-AE4E-A6BB6C11105B}
	EndGlobalSection
EndGlobal
